{
  "name": "frontend-tests",
  "version": "1.0.0",
  "lockfileVersion": 3,
  "requires": true,
  "packages": {
    "": {
      "name": "frontend-tests",
      "version": "1.0.0",
      "license": "MIT",
      "dependencies": {
        "@epicgames-ps/js-streamer": "file://../JSStreamer",
        "@epicgames-ps/lib-pixelstreamingcommon-ue5.5": "file://../../Common",
        "@epicgames-ps/lib-pixelstreamingfrontend-ue5.5": "file://../../Frontend/library",
        "dotenv": "^16.4.5",
        "node-fetch": "^2.7.0",
        "uuid": "^9.0.0"
      },
      "devDependencies": {
        "@playwright/test": "^1.43.1",
        "@types/node": "^20.12.7",
        "@types/uuid": "^9.0.8"
      }
    },
    "../../Common": {
      "name": "@epicgames-ps/lib-pixelstreamingcommon-ue5.5",
      "version": "0.0.14",
      "license": "MIT",
      "dependencies": {
        "@protobuf-ts/plugin": "^2.9.3",
        "@types/ws": "^8.5.10",
        "ws": "^8.17.1"
      },
      "devDependencies": {
        "@types/jest": "27.5.1",
        "@types/webxr": "^0.5.1",
        "@typescript-eslint/eslint-plugin": "^6.21.0",
        "cspell": "^4.1.0",
        "eslint": "^8.11.0",
        "eslint-config-prettier": "^9.1.0",
        "eslint-plugin-prettier": "^5.2.1",
        "eslint-plugin-tsdoc": "^0.2.17",
        "jest": "^27.5.1",
        "jest-environment-jsdom": "27.5.1",
        "prettier": "3.3.3",
        "rimraf": "^5.0.5",
        "ts-jest": "27.1.5",
        "ts-loader": "^9.4.2",
        "ts-node": "^10.9.2",
        "typedoc": "^0.25.8",
        "typedoc-plugin-markdown": "^3.17.1",
        "typescript": "^4.9.4"
      }
    },
    "../../Frontend/library": {
      "version": "0.2.0",
      "license": "MIT",
      "dependencies": {
        "sdp": "^3.1.0"
      },
      "devDependencies": {
        "@types/jest": "27.5.1",
        "@types/webxr": "^0.5.1",
        "@typescript-eslint/eslint-plugin": "^6.21.0",
        "cspell": "^4.1.0",
        "eslint": "^8.11.0",
        "eslint-config-prettier": "^9.1.0",
        "eslint-plugin-prettier": "^5.2.1",
        "jest": "^27.5.1",
        "jest-environment-jsdom": "27.5.1",
        "prettier": "3.3.3",
        "ts-jest": "27.1.5",
        "ts-loader": "^9.4.2",
        "typedoc": "^0.23.24",
        "typescript": "^4.9.4",
        "webpack": "^5.75.0",
        "webpack-cli": "^5.0.1"
      },
      "optionalDependencies": {
        "@epicgames-ps/lib-pixelstreamingcommon-ue5.5": "file:../../Common"
      }
    },
    "../JSStreamer": {
      "name": "@epicgames-ps/js-streamer",
      "version": "0.0.1",
      "license": "MIT",
      "dependencies": {
        "@epicgames-ps/lib-pixelstreamingcommon-ue5.5": "file://../../Common",
        "express": "^4.21.1"
      },
      "devDependencies": {
        "@types/express": "^4.17.21",
        "@types/node": "^20.11.13",
        "@typescript-eslint/eslint-plugin": "^6.21.0",
        "copy-webpack-plugin": "^12.0.2",
        "css-loader": "^7.1.2",
        "eslint": "^8.11.0",
        "eslint-config-prettier": "^9.1.0",
        "eslint-plugin-prettier": "^5.2.1",
        "eslint-plugin-tsdoc": "^0.2.17",
        "html-webpack-plugin": "^5.6.0",
        "mini-css-extract-plugin": "^2.9.0",
        "nodemon": "^3.1.4",
        "prettier": "3.3.3",
        "ts-loader": "^9.4.2",
        "typescript": "^4.9.4",
        "webpack-cli": "^5.1.4",
        "webpack-dev-server": "^5.0.4",
        "webpack-node-externals": "^3.0.0"
      }
    },
    "node_modules/@epicgames-ps/js-streamer": {
      "resolved": "../JSStreamer",
      "link": true
    },
    "node_modules/@epicgames-ps/lib-pixelstreamingcommon-ue5.5": {
      "resolved": "../../Common",
      "link": true
    },
    "node_modules/@epicgames-ps/lib-pixelstreamingfrontend-ue5.5": {
      "resolved": "../../Frontend/library",
      "link": true
    },
    "node_modules/@playwright/test": {
      "version": "1.46.1",
      "resolved": "https://registry.npmjs.org/@playwright/test/-/test-1.46.1.tgz",
      "integrity": "sha512-Fq6SwLujA/DOIvNC2EL/SojJnkKf/rAwJ//APpJJHRyMi1PdKrY3Az+4XNQ51N4RTbItbIByQ0jgd1tayq1aeA==",
      "dev": true,
      "dependencies": {
        "playwright": "1.46.1"
      },
      "bin": {
        "playwright": "cli.js"
      },
      "engines": {
        "node": ">=18"
      }
    },
    "node_modules/@types/node": {
      "version": "20.16.1",
      "resolved": "https://registry.npmjs.org/@types/node/-/node-20.16.1.tgz",
      "integrity": "sha512-zJDo7wEadFtSyNz5QITDfRcrhqDvQI1xQNQ0VoizPjM/dVAODqqIUWbJPkvsxmTI0MYRGRikcdjMPhOssnPejQ==",
      "dev": true,
      "dependencies": {
        "undici-types": "~6.19.2"
      }
    },
    "node_modules/@types/uuid": {
      "version": "9.0.8",
      "resolved": "https://registry.npmjs.org/@types/uuid/-/uuid-9.0.8.tgz",
      "integrity": "sha512-jg+97EGIcY9AGHJJRaaPVgetKDsrTgbRjQ5Msgjh/DQKEFl0DtyRr/VCOyD1T2R1MNeWPK/u7JoGhlDZnKBAfA==",
      "dev": true
    },
    "node_modules/dotenv": {
      "version": "16.4.5",
      "resolved": "https://registry.npmjs.org/dotenv/-/dotenv-16.4.5.tgz",
      "integrity": "sha512-ZmdL2rui+eB2YwhsWzjInR8LldtZHGDoQ1ugH85ppHKwpUHL7j7rN0Ti9NCnGiQbhaZ11FpR+7ao1dNsmduNUg==",
      "engines": {
        "node": ">=12"
      },
      "funding": {
        "url": "https://dotenvx.com"
      }
    },
    "node_modules/fsevents": {
      "version": "2.3.2",
      "resolved": "https://registry.npmjs.org/fsevents/-/fsevents-2.3.2.tgz",
      "integrity": "sha512-xiqMQR4xAeHTuB9uWm+fFRcIOgKBMiOBP+eXiyT7jsgVCq1bkVygt00oASowB7EdtpOHaaPgKt812P9ab+DDKA==",
      "dev": true,
      "hasInstallScript": true,
      "optional": true,
      "os": [
        "darwin"
      ],
      "engines": {
        "node": "^8.16.0 || ^10.6.0 || >=11.0.0"
      }
    },
    "node_modules/node-fetch": {
      "version": "2.7.0",
      "resolved": "https://registry.npmjs.org/node-fetch/-/node-fetch-2.7.0.tgz",
      "integrity": "sha512-c4FRfUm/dbcWZ7U+1Wq0AwCyFL+3nt2bEw05wfxSz+DWpWsitgmSgYmy2dQdWyKC1694ELPqMs/YzUSNozLt8A==",
      "dependencies": {
        "whatwg-url": "^5.0.0"
      },
      "engines": {
        "node": "4.x || >=6.0.0"
      },
      "peerDependencies": {
        "encoding": "^0.1.0"
      },
      "peerDependenciesMeta": {
        "encoding": {
          "optional": true
        }
      }
    },
    "node_modules/playwright": {
      "version": "1.46.1",
      "resolved": "https://registry.npmjs.org/playwright/-/playwright-1.46.1.tgz",
      "integrity": "sha512-oPcr1yqoXLCkgKtD5eNUPLiN40rYEM39odNpIb6VE6S7/15gJmA1NzVv6zJYusV0e7tzvkU/utBFNa/Kpxmwng==",
      "dev": true,
      "dependencies": {
        "playwright-core": "1.46.1"
      },
      "bin": {
        "playwright": "cli.js"
      },
      "engines": {
        "node": ">=18"
      },
      "optionalDependencies": {
        "fsevents": "2.3.2"
      }
    },
    "node_modules/playwright-core": {
      "version": "1.46.1",
      "resolved": "https://registry.npmjs.org/playwright-core/-/playwright-core-1.46.1.tgz",
      "integrity": "sha512-h9LqIQaAv+CYvWzsZ+h3RsrqCStkBHlgo6/TJlFst3cOTlLghBQlJwPOZKQJTKNaD3QIB7aAVQ+gfWbN3NXB7A==",
      "dev": true,
      "bin": {
        "playwright-core": "cli.js"
      },
      "engines": {
        "node": ">=18"
      }
    },
    "node_modules/tr46": {
      "version": "0.0.3",
      "resolved": "https://registry.npmjs.org/tr46/-/tr46-0.0.3.tgz",
      "integrity": "sha512-N3WMsuqV66lT30CrXNbEjx4GEwlow3v6rr4mCcv6prnfwhS01rkgyFdjPNBYd9br7LpXV1+Emh01fHnq2Gdgrw=="
    },
    "node_modules/undici-types": {
      "version": "6.19.8",
      "resolved": "https://registry.npmjs.org/undici-types/-/undici-types-6.19.8.tgz",
      "integrity": "sha512-ve2KP6f/JnbPBFyobGHuerC9g1FYGn/F8n1LWTwNxCEzd6IfqTwUQcNXgEtmmQ6DlRrC1hrSrBnCZPokRrDHjw==",
      "dev": true
    },
    "node_modules/uuid": {
      "version": "9.0.1",
      "resolved": "https://registry.npmjs.org/uuid/-/uuid-9.0.1.tgz",
      "integrity": "sha512-b+1eJOlsR9K8HJpow9Ok3fiWOWSIcIzXodvv0rQjVoOVNpWMpxf1wZNpt4y9h10odCNrqnYp1OBzRktckBe3sA==",
      "funding": [
        "https://github.com/sponsors/broofa",
        "https://github.com/sponsors/ctavan"
      ],
      "bin": {
        "uuid": "dist/bin/uuid"
      }
    },
    "node_modules/webidl-conversions": {
      "version": "3.0.1",
      "resolved": "https://registry.npmjs.org/webidl-conversions/-/webidl-conversions-3.0.1.tgz",
      "integrity": "sha512-2JAn3z8AR6rjK8Sm8orRC0h/bcl/DqL7tRPdGZ4I1CjdF+EaMLmYxBHyXuKL849eucPFhvBoxMsflfOb8kxaeQ=="
    },
    "node_modules/whatwg-url": {
      "version": "5.0.0",
      "resolved": "https://registry.npmjs.org/whatwg-url/-/whatwg-url-5.0.0.tgz",
      "integrity": "sha512-saE57nupxk6v3HY35+jzBwYa0rKSy0XR8JSxZPwgLr7ys0IBzhGviA1/TUGJLmSVqs8pb9AnvICXEuOHLprYTw==",
      "dependencies": {
        "tr46": "~0.0.3",
        "webidl-conversions": "^3.0.0"
      }
    }
  }
}
