{
  "name": "frontend-tests",
  "version": "1.0.0",
  "lockfileVersion": 3,
  "requires": true,
  "packages": {
    "": {
      "name": "frontend-tests",
      "version": "1.0.0",
      "license": "MIT",
      "dependencies": {
        "dotenv": "^16.4.5",
        "node-fetch": "^2.7.0",
        "uuid": "^9.0.0"
      },
      "devDependencies": {
        "@epicgames-ps/lib-pixelstreamingfrontend-ue5.5": "^0.1.4",
        "@playwright/test": "^1.43.1",
        "@types/node": "^20.12.7",
        "@types/uuid": "^9.0.8"
      }
    },
    "node_modules/@epicgames-ps/lib-pixelstreamingcommon-ue5.5": {
      "version": "0.0.14",
      "resolved": "https://registry.npmjs.org/@epicgames-ps/lib-pixelstreamingcommon-ue5.5/-/lib-pixelstreamingcommon-ue5.5-0.0.14.tgz",
      "integrity": "sha512-GXu1GJUfXAWnTHylBYAfvE9SVPXl8B6ovD/6CbQh0AXxktadbA4KsDbuEFuZHIVEVLLn6vXsBkkKf7yZODphOQ==",
      "dev": true,
      "dependencies": {
        "@protobuf-ts/plugin": "^2.9.3",
        "@types/ws": "^8.5.10",
        "ws": "^8.17.1"
      }
    },
    "node_modules/@epicgames-ps/lib-pixelstreamingfrontend-ue5.5": {
      "version": "0.1.4",
      "resolved": "https://registry.npmjs.org/@epicgames-ps/lib-pixelstreamingfrontend-ue5.5/-/lib-pixelstreamingfrontend-ue5.5-0.1.4.tgz",
      "integrity": "sha512-1/fS60vir++vJ5n0LY4lzZEO1hdi1uMlOrD/Okbr7yT6dqRWAo7EarPlHwlIMrjxvhPe4t7Ox06CdSsZDIg7gg==",
      "dev": true,
      "dependencies": {
        "@epicgames-ps/lib-pixelstreamingcommon-ue5.5": "^0.0.14",
        "sdp": "^3.1.0"
      }
    },
    "node_modules/@playwright/test": {
      "version": "1.46.1",
      "resolved": "https://registry.npmjs.org/@playwright/test/-/test-1.46.1.tgz",
      "integrity": "sha512-Fq6SwLujA/DOIvNC2EL/SojJnkKf/rAwJ//APpJJHRyMi1PdKrY3Az+4XNQ51N4RTbItbIByQ0jgd1tayq1aeA==",
      "dev": true,
      "dependencies": {
        "playwright": "1.46.1"
      },
      "bin": {
        "playwright": "cli.js"
      },
      "engines": {
        "node": ">=18"
      }
    },
    "node_modules/@protobuf-ts/plugin": {
      "version": "2.9.4",
      "resolved": "https://registry.npmjs.org/@protobuf-ts/plugin/-/plugin-2.9.4.tgz",
      "integrity": "sha512-Db5Laq5T3mc6ERZvhIhkj1rn57/p8gbWiCKxQWbZBBl20wMuqKoHbRw4tuD7FyXi+IkwTToaNVXymv5CY3E8Rw==",
      "dev": true,
      "dependencies": {
        "@protobuf-ts/plugin-framework": "^2.9.4",
        "@protobuf-ts/protoc": "^2.9.4",
        "@protobuf-ts/runtime": "^2.9.4",
        "@protobuf-ts/runtime-rpc": "^2.9.4",
        "typescript": "^3.9"
      },
      "bin": {
        "protoc-gen-dump": "bin/protoc-gen-dump",
        "protoc-gen-ts": "bin/protoc-gen-ts"
      }
    },
    "node_modules/@protobuf-ts/plugin-framework": {
      "version": "2.9.4",
      "resolved": "https://registry.npmjs.org/@protobuf-ts/plugin-framework/-/plugin-framework-2.9.4.tgz",
      "integrity": "sha512-9nuX1kjdMliv+Pes8dQCKyVhjKgNNfwxVHg+tx3fLXSfZZRcUHMc1PMwB9/vTvc6gBKt9QGz5ERqSqZc0++E9A==",
      "dev": true,
      "dependencies": {
        "@protobuf-ts/runtime": "^2.9.4",
        "typescript": "^3.9"
      }
    },
    "node_modules/@protobuf-ts/protoc": {
      "version": "2.9.4",
      "resolved": "https://registry.npmjs.org/@protobuf-ts/protoc/-/protoc-2.9.4.tgz",
      "integrity": "sha512-hQX+nOhFtrA+YdAXsXEDrLoGJqXHpgv4+BueYF0S9hy/Jq0VRTVlJS1Etmf4qlMt/WdigEes5LOd/LDzui4GIQ==",
      "dev": true,
      "bin": {
        "protoc": "protoc.js"
      }
    },
    "node_modules/@protobuf-ts/runtime": {
      "version": "2.9.4",
      "resolved": "https://registry.npmjs.org/@protobuf-ts/runtime/-/runtime-2.9.4.tgz",
      "integrity": "sha512-vHRFWtJJB/SiogWDF0ypoKfRIZ41Kq+G9cEFj6Qm1eQaAhJ1LDFvgZ7Ja4tb3iLOQhz0PaoPnnOijF1qmEqTxg==",
      "dev": true
    },
    "node_modules/@protobuf-ts/runtime-rpc": {
      "version": "2.9.4",
      "resolved": "https://registry.npmjs.org/@protobuf-ts/runtime-rpc/-/runtime-rpc-2.9.4.tgz",
      "integrity": "sha512-y9L9JgnZxXFqH5vD4d7j9duWvIJ7AShyBRoNKJGhu9Q27qIbchfzli66H9RvrQNIFk5ER7z1Twe059WZGqERcA==",
      "dev": true,
      "dependencies": {
        "@protobuf-ts/runtime": "^2.9.4"
      }
    },
    "node_modules/@types/node": {
      "version": "20.16.1",
      "resolved": "https://registry.npmjs.org/@types/node/-/node-20.16.1.tgz",
      "integrity": "sha512-zJDo7wEadFtSyNz5QITDfRcrhqDvQI1xQNQ0VoizPjM/dVAODqqIUWbJPkvsxmTI0MYRGRikcdjMPhOssnPejQ==",
      "dev": true,
      "dependencies": {
        "undici-types": "~6.19.2"
      }
    },
    "node_modules/@types/uuid": {
      "version": "9.0.8",
      "resolved": "https://registry.npmjs.org/@types/uuid/-/uuid-9.0.8.tgz",
      "integrity": "sha512-jg+97EGIcY9AGHJJRaaPVgetKDsrTgbRjQ5Msgjh/DQKEFl0DtyRr/VCOyD1T2R1MNeWPK/u7JoGhlDZnKBAfA==",
      "dev": true
    },
    "node_modules/@types/ws": {
      "version": "8.5.12",
      "resolved": "https://registry.npmjs.org/@types/ws/-/ws-8.5.12.tgz",
      "integrity": "sha512-3tPRkv1EtkDpzlgyKyI8pGsGZAGPEaXeu0DOj5DI25Ja91bdAYddYHbADRYVrZMRbfW+1l5YwXVDKohDJNQxkQ==",
      "dev": true,
      "dependencies": {
        "@types/node": "*"
      }
    },
    "node_modules/dotenv": {
      "version": "16.4.5",
      "resolved": "https://registry.npmjs.org/dotenv/-/dotenv-16.4.5.tgz",
      "integrity": "sha512-ZmdL2rui+eB2YwhsWzjInR8LldtZHGDoQ1ugH85ppHKwpUHL7j7rN0Ti9NCnGiQbhaZ11FpR+7ao1dNsmduNUg==",
      "engines": {
        "node": ">=12"
      },
      "funding": {
        "url": "https://dotenvx.com"
      }
    },
    "node_modules/fsevents": {
      "version": "2.3.2",
      "resolved": "https://registry.npmjs.org/fsevents/-/fsevents-2.3.2.tgz",
      "integrity": "sha512-xiqMQR4xAeHTuB9uWm+fFRcIOgKBMiOBP+eXiyT7jsgVCq1bkVygt00oASowB7EdtpOHaaPgKt812P9ab+DDKA==",
      "dev": true,
      "hasInstallScript": true,
      "optional": true,
      "os": [
        "darwin"
      ],
      "engines": {
        "node": "^8.16.0 || ^10.6.0 || >=11.0.0"
      }
    },
    "node_modules/node-fetch": {
      "version": "2.7.0",
      "resolved": "https://registry.npmjs.org/node-fetch/-/node-fetch-2.7.0.tgz",
      "integrity": "sha512-c4FRfUm/dbcWZ7U+1Wq0AwCyFL+3nt2bEw05wfxSz+DWpWsitgmSgYmy2dQdWyKC1694ELPqMs/YzUSNozLt8A==",
      "dependencies": {
        "whatwg-url": "^5.0.0"
      },
      "engines": {
        "node": "4.x || >=6.0.0"
      },
      "peerDependencies": {
        "encoding": "^0.1.0"
      },
      "peerDependenciesMeta": {
        "encoding": {
          "optional": true
        }
      }
    },
    "node_modules/playwright": {
      "version": "1.46.1",
      "resolved": "https://registry.npmjs.org/playwright/-/playwright-1.46.1.tgz",
      "integrity": "sha512-oPcr1yqoXLCkgKtD5eNUPLiN40rYEM39odNpIb6VE6S7/15gJmA1NzVv6zJYusV0e7tzvkU/utBFNa/Kpxmwng==",
      "dev": true,
      "dependencies": {
        "playwright-core": "1.46.1"
      },
      "bin": {
        "playwright": "cli.js"
      },
      "engines": {
        "node": ">=18"
      },
      "optionalDependencies": {
        "fsevents": "2.3.2"
      }
    },
    "node_modules/playwright-core": {
      "version": "1.46.1",
      "resolved": "https://registry.npmjs.org/playwright-core/-/playwright-core-1.46.1.tgz",
      "integrity": "sha512-h9LqIQaAv+CYvWzsZ+h3RsrqCStkBHlgo6/TJlFst3cOTlLghBQlJwPOZKQJTKNaD3QIB7aAVQ+gfWbN3NXB7A==",
      "dev": true,
      "bin": {
        "playwright-core": "cli.js"
      },
      "engines": {
        "node": ">=18"
      }
    },
    "node_modules/sdp": {
      "version": "3.2.0",
      "resolved": "https://registry.npmjs.org/sdp/-/sdp-3.2.0.tgz",
      "integrity": "sha512-d7wDPgDV3DDiqulJjKiV2865wKsJ34YI+NDREbm+FySq6WuKOikwyNQcm+doLAZ1O6ltdO0SeKle2xMpN3Brgw==",
      "dev": true
    },
    "node_modules/tr46": {
      "version": "0.0.3",
      "resolved": "https://registry.npmjs.org/tr46/-/tr46-0.0.3.tgz",
      "integrity": "sha512-N3WMsuqV66lT30CrXNbEjx4GEwlow3v6rr4mCcv6prnfwhS01rkgyFdjPNBYd9br7LpXV1+Emh01fHnq2Gdgrw=="
    },
    "node_modules/typescript": {
      "version": "3.9.10",
      "resolved": "https://registry.npmjs.org/typescript/-/typescript-3.9.10.tgz",
      "integrity": "sha512-w6fIxVE/H1PkLKcCPsFqKE7Kv7QUwhU8qQY2MueZXWx5cPZdwFupLgKK3vntcK98BtNHZtAF4LA/yl2a7k8R6Q==",
      "dev": true,
      "bin": {
        "tsc": "bin/tsc",
        "tsserver": "bin/tsserver"
      },
      "engines": {
        "node": ">=4.2.0"
      }
    },
    "node_modules/undici-types": {
      "version": "6.19.8",
      "resolved": "https://registry.npmjs.org/undici-types/-/undici-types-6.19.8.tgz",
      "integrity": "sha512-ve2KP6f/JnbPBFyobGHuerC9g1FYGn/F8n1LWTwNxCEzd6IfqTwUQcNXgEtmmQ6DlRrC1hrSrBnCZPokRrDHjw==",
      "dev": true
    },
    "node_modules/uuid": {
      "version": "9.0.1",
      "resolved": "https://registry.npmjs.org/uuid/-/uuid-9.0.1.tgz",
      "integrity": "sha512-b+1eJOlsR9K8HJpow9Ok3fiWOWSIcIzXodvv0rQjVoOVNpWMpxf1wZNpt4y9h10odCNrqnYp1OBzRktckBe3sA==",
      "funding": [
        "https://github.com/sponsors/broofa",
        "https://github.com/sponsors/ctavan"
      ],
      "bin": {
        "uuid": "dist/bin/uuid"
      }
    },
    "node_modules/webidl-conversions": {
      "version": "3.0.1",
      "resolved": "https://registry.npmjs.org/webidl-conversions/-/webidl-conversions-3.0.1.tgz",
      "integrity": "sha512-2JAn3z8AR6rjK8Sm8orRC0h/bcl/DqL7tRPdGZ4I1CjdF+EaMLmYxBHyXuKL849eucPFhvBoxMsflfOb8kxaeQ=="
    },
    "node_modules/whatwg-url": {
      "version": "5.0.0",
      "resolved": "https://registry.npmjs.org/whatwg-url/-/whatwg-url-5.0.0.tgz",
      "integrity": "sha512-saE57nupxk6v3HY35+jzBwYa0rKSy0XR8JSxZPwgLr7ys0IBzhGviA1/TUGJLmSVqs8pb9AnvICXEuOHLprYTw==",
      "dependencies": {
        "tr46": "~0.0.3",
        "webidl-conversions": "^3.0.0"
      }
    },
    "node_modules/ws": {
      "version": "8.18.0",
      "resolved": "https://registry.npmjs.org/ws/-/ws-8.18.0.tgz",
      "integrity": "sha512-8VbfWfHLbbwu3+N6OKsOMpBdT4kXPDDB9cJk2bJ6mh9ucxdlnNvH1e+roYkKmN9Nxw2yjz7VzeO9oOz2zJ04Pw==",
      "dev": true,
      "engines": {
        "node": ">=10.0.0"
      },
      "peerDependencies": {
        "bufferutil": "^4.0.1",
        "utf-8-validate": ">=5.0.2"
      },
      "peerDependenciesMeta": {
        "bufferutil": {
          "optional": true
        },
        "utf-8-validate": {
          "optional": true
        }
      }
    }
  }
}
